/mmfs1/home/kampman/scratch/projects/hla-fiberseq/snakemake-test/out-500k/CHM13.fa.gz
/mmfs1/home/kampman/scratch/projects/hla-fiberseq/snakemake-test/out-500k/CHM13.bam
/mmfs1/home/kampman/scratch/projects/hla-fiberseq/data/fire-bams/CHM13.fire.bam
/mmfs1/home/kampman/scratch/projects/hla-fiberseq/data/mhc.500k.slop.bed
